
Microsoft Visual Studio Solution File, Format Version 12.00
# Visual Studio 2013
VisualStudioVersion = 12.0.31101.0
MinimumVisualStudioVersion = 10.0.40219.1
Project("{262852C6-CD72-467D-83FE-5EEB1973A190}") = "videoDemo", "videoDemo\videoDemo.jsproj", "{598691A7-C340-4E90-9B7C-914B712F0F4B}"
EndProject
Project("{FAE04EC0-301F-11D3-BF4B-00C04F79EFBC}") = "beckAppCordova", "beckAppCordova\beckAppCordova.csproj", "{9A294263-1A3C-46C6-B565-1126EE173BE7}"
EndProject
Global
	GlobalSection(SolutionConfigurationPlatforms) = preSolution
		Debug|Android = Debug|Android
		Debug|Any CPU = Debug|Any CPU
		Debug|iOS = Debug|iOS
		Debug|Mixed Platforms = Debug|Mixed Platforms
		Debug|Windows Phone (Universal) = Debug|Windows Phone (Universal)
		Debug|Windows Phone 8 = Debug|Windows Phone 8
		Debug|Windows-AnyCPU = Debug|Windows-AnyCPU
		Debug|Windows-ARM = Debug|Windows-ARM
		Debug|Windows-x64 = Debug|Windows-x64
		Debug|Windows-x86 = Debug|Windows-x86
		Distribution|Android = Distribution|Android
		Distribution|Any CPU = Distribution|Any CPU
		Distribution|iOS = Distribution|iOS
		Distribution|Mixed Platforms = Distribution|Mixed Platforms
		Distribution|Windows Phone (Universal) = Distribution|Windows Phone (Universal)
		Distribution|Windows Phone 8 = Distribution|Windows Phone 8
		Distribution|Windows-AnyCPU = Distribution|Windows-AnyCPU
		Distribution|Windows-ARM = Distribution|Windows-ARM
		Distribution|Windows-x64 = Distribution|Windows-x64
		Distribution|Windows-x86 = Distribution|Windows-x86
		Release|Android = Release|Android
		Release|Any CPU = Release|Any CPU
		Release|iOS = Release|iOS
		Release|Mixed Platforms = Release|Mixed Platforms
		Release|Windows Phone (Universal) = Release|Windows Phone (Universal)
		Release|Windows Phone 8 = Release|Windows Phone 8
		Release|Windows-AnyCPU = Release|Windows-AnyCPU
		Release|Windows-ARM = Release|Windows-ARM
		Release|Windows-x64 = Release|Windows-x64
		Release|Windows-x86 = Release|Windows-x86
	EndGlobalSection
	GlobalSection(ProjectConfigurationPlatforms) = postSolution
		{598691A7-C340-4E90-9B7C-914B712F0F4B}.Debug|Android.ActiveCfg = Debug|Android
		{598691A7-C340-4E90-9B7C-914B712F0F4B}.Debug|Android.Build.0 = Debug|Android
		{598691A7-C340-4E90-9B7C-914B712F0F4B}.Debug|Android.Deploy.0 = Debug|Android
		{598691A7-C340-4E90-9B7C-914B712F0F4B}.Debug|Any CPU.ActiveCfg = Debug|Android
		{598691A7-C340-4E90-9B7C-914B712F0F4B}.Debug|iOS.ActiveCfg = Debug|iOS
		{598691A7-C340-4E90-9B7C-914B712F0F4B}.Debug|iOS.Build.0 = Debug|iOS
		{598691A7-C340-4E90-9B7C-914B712F0F4B}.Debug|iOS.Deploy.0 = Debug|iOS
		{598691A7-C340-4E90-9B7C-914B712F0F4B}.Debug|Mixed Platforms.ActiveCfg = Debug|Android
		{598691A7-C340-4E90-9B7C-914B712F0F4B}.Debug|Mixed Platforms.Build.0 = Debug|Android
		{598691A7-C340-4E90-9B7C-914B712F0F4B}.Debug|Mixed Platforms.Deploy.0 = Debug|Android
		{598691A7-C340-4E90-9B7C-914B712F0F4B}.Debug|Windows Phone (Universal).ActiveCfg = Debug|Windows Phone (Universal)
		{598691A7-C340-4E90-9B7C-914B712F0F4B}.Debug|Windows Phone (Universal).Build.0 = Debug|Windows Phone (Universal)
		{598691A7-C340-4E90-9B7C-914B712F0F4B}.Debug|Windows Phone (Universal).Deploy.0 = Debug|Windows Phone (Universal)
		{598691A7-C340-4E90-9B7C-914B712F0F4B}.Debug|Windows Phone 8.ActiveCfg = Debug|Windows Phone 8
		{598691A7-C340-4E90-9B7C-914B712F0F4B}.Debug|Windows Phone 8.Build.0 = Debug|Windows Phone 8
		{598691A7-C340-4E90-9B7C-914B712F0F4B}.Debug|Windows Phone 8.Deploy.0 = Debug|Windows Phone 8
		{598691A7-C340-4E90-9B7C-914B712F0F4B}.Debug|Windows-AnyCPU.ActiveCfg = Debug|Windows-AnyCPU
		{598691A7-C340-4E90-9B7C-914B712F0F4B}.Debug|Windows-AnyCPU.Build.0 = Debug|Windows-AnyCPU
		{598691A7-C340-4E90-9B7C-914B712F0F4B}.Debug|Windows-AnyCPU.Deploy.0 = Debug|Windows-AnyCPU
		{598691A7-C340-4E90-9B7C-914B712F0F4B}.Debug|Windows-ARM.ActiveCfg = Debug|Windows-ARM
		{598691A7-C340-4E90-9B7C-914B712F0F4B}.Debug|Windows-ARM.Build.0 = Debug|Windows-ARM
		{598691A7-C340-4E90-9B7C-914B712F0F4B}.Debug|Windows-ARM.Deploy.0 = Debug|Windows-ARM
		{598691A7-C340-4E90-9B7C-914B712F0F4B}.Debug|Windows-x64.ActiveCfg = Debug|Windows-x64
		{598691A7-C340-4E90-9B7C-914B712F0F4B}.Debug|Windows-x64.Build.0 = Debug|Windows-x64
		{598691A7-C340-4E90-9B7C-914B712F0F4B}.Debug|Windows-x64.Deploy.0 = Debug|Windows-x64
		{598691A7-C340-4E90-9B7C-914B712F0F4B}.Debug|Windows-x86.ActiveCfg = Debug|Windows-x86
		{598691A7-C340-4E90-9B7C-914B712F0F4B}.Debug|Windows-x86.Build.0 = Debug|Windows-x86
		{598691A7-C340-4E90-9B7C-914B712F0F4B}.Debug|Windows-x86.Deploy.0 = Debug|Windows-x86
		{598691A7-C340-4E90-9B7C-914B712F0F4B}.Distribution|Android.ActiveCfg = Distribution|Android
		{598691A7-C340-4E90-9B7C-914B712F0F4B}.Distribution|Android.Build.0 = Distribution|Android
		{598691A7-C340-4E90-9B7C-914B712F0F4B}.Distribution|Android.Deploy.0 = Distribution|Android
		{598691A7-C340-4E90-9B7C-914B712F0F4B}.Distribution|Any CPU.ActiveCfg = Distribution|Android
		{598691A7-C340-4E90-9B7C-914B712F0F4B}.Distribution|iOS.ActiveCfg = Distribution|iOS
		{598691A7-C340-4E90-9B7C-914B712F0F4B}.Distribution|iOS.Build.0 = Distribution|iOS
		{598691A7-C340-4E90-9B7C-914B712F0F4B}.Distribution|iOS.Deploy.0 = Distribution|iOS
		{598691A7-C340-4E90-9B7C-914B712F0F4B}.Distribution|Mixed Platforms.ActiveCfg = Distribution|Windows Phone (Universal)
		{598691A7-C340-4E90-9B7C-914B712F0F4B}.Distribution|Mixed Platforms.Build.0 = Distribution|Windows Phone (Universal)
		{598691A7-C340-4E90-9B7C-914B712F0F4B}.Distribution|Mixed Platforms.Deploy.0 = Distribution|Windows Phone (Universal)
		{598691A7-C340-4E90-9B7C-914B712F0F4B}.Distribution|Windows Phone (Universal).ActiveCfg = Distribution|Windows Phone (Universal)
		{598691A7-C340-4E90-9B7C-914B712F0F4B}.Distribution|Windows Phone (Universal).Build.0 = Distribution|Windows Phone (Universal)
		{598691A7-C340-4E90-9B7C-914B712F0F4B}.Distribution|Windows Phone (Universal).Deploy.0 = Distribution|Windows Phone (Universal)
		{598691A7-C340-4E90-9B7C-914B712F0F4B}.Distribution|Windows Phone 8.ActiveCfg = Distribution|Windows Phone 8
		{598691A7-C340-4E90-9B7C-914B712F0F4B}.Distribution|Windows Phone 8.Build.0 = Distribution|Windows Phone 8
		{598691A7-C340-4E90-9B7C-914B712F0F4B}.Distribution|Windows Phone 8.Deploy.0 = Distribution|Windows Phone 8
		{598691A7-C340-4E90-9B7C-914B712F0F4B}.Distribution|Windows-AnyCPU.ActiveCfg = Distribution|Windows-AnyCPU
		{598691A7-C340-4E90-9B7C-914B712F0F4B}.Distribution|Windows-AnyCPU.Build.0 = Distribution|Windows-AnyCPU
		{598691A7-C340-4E90-9B7C-914B712F0F4B}.Distribution|Windows-AnyCPU.Deploy.0 = Distribution|Windows-AnyCPU
		{598691A7-C340-4E90-9B7C-914B712F0F4B}.Distribution|Windows-ARM.ActiveCfg = Distribution|Windows-ARM
		{598691A7-C340-4E90-9B7C-914B712F0F4B}.Distribution|Windows-ARM.Build.0 = Distribution|Windows-ARM
		{598691A7-C340-4E90-9B7C-914B712F0F4B}.Distribution|Windows-ARM.Deploy.0 = Distribution|Windows-ARM
		{598691A7-C340-4E90-9B7C-914B712F0F4B}.Distribution|Windows-x64.ActiveCfg = Distribution|Windows-x64
		{598691A7-C340-4E90-9B7C-914B712F0F4B}.Distribution|Windows-x64.Build.0 = Distribution|Windows-x64
		{598691A7-C340-4E90-9B7C-914B712F0F4B}.Distribution|Windows-x64.Deploy.0 = Distribution|Windows-x64
		{598691A7-C340-4E90-9B7C-914B712F0F4B}.Distribution|Windows-x86.ActiveCfg = Distribution|Windows-x86
		{598691A7-C340-4E90-9B7C-914B712F0F4B}.Distribution|Windows-x86.Build.0 = Distribution|Windows-x86
		{598691A7-C340-4E90-9B7C-914B712F0F4B}.Distribution|Windows-x86.Deploy.0 = Distribution|Windows-x86
		{598691A7-C340-4E90-9B7C-914B712F0F4B}.Release|Android.ActiveCfg = Release|Android
		{598691A7-C340-4E90-9B7C-914B712F0F4B}.Release|Android.Build.0 = Release|Android
		{598691A7-C340-4E90-9B7C-914B712F0F4B}.Release|Android.Deploy.0 = Release|Android
		{598691A7-C340-4E90-9B7C-914B712F0F4B}.Release|Any CPU.ActiveCfg = Release|Android
		{598691A7-C340-4E90-9B7C-914B712F0F4B}.Release|iOS.ActiveCfg = Release|iOS
		{598691A7-C340-4E90-9B7C-914B712F0F4B}.Release|iOS.Build.0 = Release|iOS
		{598691A7-C340-4E90-9B7C-914B712F0F4B}.Release|iOS.Deploy.0 = Release|iOS
		{598691A7-C340-4E90-9B7C-914B712F0F4B}.Release|Mixed Platforms.ActiveCfg = Release|Android
		{598691A7-C340-4E90-9B7C-914B712F0F4B}.Release|Mixed Platforms.Build.0 = Release|Android
		{598691A7-C340-4E90-9B7C-914B712F0F4B}.Release|Mixed Platforms.Deploy.0 = Release|Android
		{598691A7-C340-4E90-9B7C-914B712F0F4B}.Release|Windows Phone (Universal).ActiveCfg = Release|Windows Phone (Universal)
		{598691A7-C340-4E90-9B7C-914B712F0F4B}.Release|Windows Phone (Universal).Build.0 = Release|Windows Phone (Universal)
		{598691A7-C340-4E90-9B7C-914B712F0F4B}.Release|Windows Phone (Universal).Deploy.0 = Release|Windows Phone (Universal)
		{598691A7-C340-4E90-9B7C-914B712F0F4B}.Release|Windows Phone 8.ActiveCfg = Release|Windows Phone 8
		{598691A7-C340-4E90-9B7C-914B712F0F4B}.Release|Windows Phone 8.Build.0 = Release|Windows Phone 8
		{598691A7-C340-4E90-9B7C-914B712F0F4B}.Release|Windows Phone 8.Deploy.0 = Release|Windows Phone 8
		{598691A7-C340-4E90-9B7C-914B712F0F4B}.Release|Windows-AnyCPU.ActiveCfg = Release|Windows-AnyCPU
		{598691A7-C340-4E90-9B7C-914B712F0F4B}.Release|Windows-AnyCPU.Build.0 = Release|Windows-AnyCPU
		{598691A7-C340-4E90-9B7C-914B712F0F4B}.Release|Windows-AnyCPU.Deploy.0 = Release|Windows-AnyCPU
		{598691A7-C340-4E90-9B7C-914B712F0F4B}.Release|Windows-ARM.ActiveCfg = Release|Windows-ARM
		{598691A7-C340-4E90-9B7C-914B712F0F4B}.Release|Windows-ARM.Build.0 = Release|Windows-ARM
		{598691A7-C340-4E90-9B7C-914B712F0F4B}.Release|Windows-ARM.Deploy.0 = Release|Windows-ARM
		{598691A7-C340-4E90-9B7C-914B712F0F4B}.Release|Windows-x64.ActiveCfg = Release|Windows-x64
		{598691A7-C340-4E90-9B7C-914B712F0F4B}.Release|Windows-x64.Build.0 = Release|Windows-x64
		{598691A7-C340-4E90-9B7C-914B712F0F4B}.Release|Windows-x64.Deploy.0 = Release|Windows-x64
		{598691A7-C340-4E90-9B7C-914B712F0F4B}.Release|Windows-x86.ActiveCfg = Release|Windows-x86
		{598691A7-C340-4E90-9B7C-914B712F0F4B}.Release|Windows-x86.Build.0 = Release|Windows-x86
		{598691A7-C340-4E90-9B7C-914B712F0F4B}.Release|Windows-x86.Deploy.0 = Release|Windows-x86
		{9A294263-1A3C-46C6-B565-1126EE173BE7}.Debug|Android.ActiveCfg = Debug|Any CPU
		{9A294263-1A3C-46C6-B565-1126EE173BE7}.Debug|Any CPU.ActiveCfg = Debug|Any CPU
		{9A294263-1A3C-46C6-B565-1126EE173BE7}.Debug|Any CPU.Build.0 = Debug|Any CPU
		{9A294263-1A3C-46C6-B565-1126EE173BE7}.Debug|iOS.ActiveCfg = Debug|Any CPU
		{9A294263-1A3C-46C6-B565-1126EE173BE7}.Debug|Mixed Platforms.ActiveCfg = Debug|Any CPU
		{9A294263-1A3C-46C6-B565-1126EE173BE7}.Debug|Mixed Platforms.Build.0 = Debug|Any CPU
		{9A294263-1A3C-46C6-B565-1126EE173BE7}.Debug|Windows Phone (Universal).ActiveCfg = Debug|Any CPU
		{9A294263-1A3C-46C6-B565-1126EE173BE7}.Debug|Windows Phone 8.ActiveCfg = Debug|Any CPU
		{9A294263-1A3C-46C6-B565-1126EE173BE7}.Debug|Windows-AnyCPU.ActiveCfg = Debug|Any CPU
		{9A294263-1A3C-46C6-B565-1126EE173BE7}.Debug|Windows-ARM.ActiveCfg = Debug|Any CPU
		{9A294263-1A3C-46C6-B565-1126EE173BE7}.Debug|Windows-x64.ActiveCfg = Debug|Any CPU
		{9A294263-1A3C-46C6-B565-1126EE173BE7}.Debug|Windows-x86.ActiveCfg = Debug|Any CPU
		{9A294263-1A3C-46C6-B565-1126EE173BE7}.Distribution|Android.ActiveCfg = Debug|Any CPU
		{9A294263-1A3C-46C6-B565-1126EE173BE7}.Distribution|Any CPU.ActiveCfg = Debug|Any CPU
		{9A294263-1A3C-46C6-B565-1126EE173BE7}.Distribution|Any CPU.Build.0 = Debug|Any CPU
		{9A294263-1A3C-46C6-B565-1126EE173BE7}.Distribution|iOS.ActiveCfg = Debug|Any CPU
		{9A294263-1A3C-46C6-B565-1126EE173BE7}.Distribution|Mixed Platforms.ActiveCfg = Debug|Any CPU
		{9A294263-1A3C-46C6-B565-1126EE173BE7}.Distribution|Mixed Platforms.Build.0 = Debug|Any CPU
		{9A294263-1A3C-46C6-B565-1126EE173BE7}.Distribution|Windows Phone (Universal).ActiveCfg = Debug|Any CPU
		{9A294263-1A3C-46C6-B565-1126EE173BE7}.Distribution|Windows Phone 8.ActiveCfg = Debug|Any CPU
		{9A294263-1A3C-46C6-B565-1126EE173BE7}.Distribution|Windows-AnyCPU.ActiveCfg = Debug|Any CPU
		{9A294263-1A3C-46C6-B565-1126EE173BE7}.Distribution|Windows-ARM.ActiveCfg = Debug|Any CPU
		{9A294263-1A3C-46C6-B565-1126EE173BE7}.Distribution|Windows-x64.ActiveCfg = Debug|Any CPU
		{9A294263-1A3C-46C6-B565-1126EE173BE7}.Distribution|Windows-x86.ActiveCfg = Debug|Any CPU
		{9A294263-1A3C-46C6-B565-1126EE173BE7}.Release|Android.ActiveCfg = Release|Any CPU
		{9A294263-1A3C-46C6-B565-1126EE173BE7}.Release|Any CPU.ActiveCfg = Release|Any CPU
		{9A294263-1A3C-46C6-B565-1126EE173BE7}.Release|Any CPU.Build.0 = Release|Any CPU
		{9A294263-1A3C-46C6-B565-1126EE173BE7}.Release|iOS.ActiveCfg = Release|Any CPU
		{9A294263-1A3C-46C6-B565-1126EE173BE7}.Release|Mixed Platforms.ActiveCfg = Release|Any CPU
		{9A294263-1A3C-46C6-B565-1126EE173BE7}.Release|Mixed Platforms.Build.0 = Release|Any CPU
		{9A294263-1A3C-46C6-B565-1126EE173BE7}.Release|Windows Phone (Universal).ActiveCfg = Release|Any CPU
		{9A294263-1A3C-46C6-B565-1126EE173BE7}.Release|Windows Phone 8.ActiveCfg = Release|Any CPU
		{9A294263-1A3C-46C6-B565-1126EE173BE7}.Release|Windows-AnyCPU.ActiveCfg = Release|Any CPU
		{9A294263-1A3C-46C6-B565-1126EE173BE7}.Release|Windows-ARM.ActiveCfg = Release|Any CPU
		{9A294263-1A3C-46C6-B565-1126EE173BE7}.Release|Windows-x64.ActiveCfg = Release|Any CPU
		{9A294263-1A3C-46C6-B565-1126EE173BE7}.Release|Windows-x86.ActiveCfg = Release|Any CPU
	EndGlobalSection
	GlobalSection(SolutionProperties) = preSolution
		HideSolutionNode = FALSE
	EndGlobalSection
EndGlobal
